<?xml version="1.0" encoding="utf-8"?>
<Project ToolsVersion="4.0" xmlns="http://schemas.microsoft.com/developer/msbuild/2003">
  <ItemGroup>
    <Filter Include="layer">
      <UniqueIdentifier>{8297D80F-EEAB-00C1-B72D-A4202301FDF1}</UniqueIdentifier>
    </Filter>
  </ItemGroup>
  <ItemGroup>
    <ClInclude Include="src\layer\imgui_layer.h">
      <Filter>layer</Filter>
    </ClInclude>
    <ClInclude Include="src\layer\layer.h">
      <Filter>layer</Filter>
    </ClInclude>
    <ClInclude Include="src\pch.h" />
  </ItemGroup>
  <ItemGroup>
    <ClCompile Include="src\main.cpp" />
    <ClCompile Include="src\pch.cpp" />
  </ItemGroup>
</Project>