<?xml version="1.0" encoding="utf-8"?>
<Project ToolsVersion="4.0" xmlns="http://schemas.microsoft.com/developer/msbuild/2003">
  <ItemGroup>
    <Filter Include="mage">
      <UniqueIdentifier>{1F7F9A7C-0BB6-9B0D-B4A2-8110A0B8170F}</UniqueIdentifier>
    </Filter>
    <Filter Include="mage\graphics">
      <UniqueIdentifier>{5F564FA8-CB16-CBDE-9451-145C00D10FBB}</UniqueIdentifier>
    </Filter>
    <Filter Include="mage\graphics\wrap">
      <UniqueIdentifier>{68DC84AE-54C0-4504-BD20-4057A9233086}</UniqueIdentifier>
    </Filter>
    <Filter Include="mage\world">
      <UniqueIdentifier>{36C5D5F4-227D-1742-8B84-F09D775BB232}</UniqueIdentifier>
    </Filter>
    <Filter Include="mage\world\dynamic">
      <UniqueIdentifier>{CA351EE3-B619-DF38-1F7A-D98B0B7DC9BA}</UniqueIdentifier>
    </Filter>
  </ItemGroup>
  <ItemGroup>
    <ClInclude Include="src\mage.h" />
    <ClInclude Include="src\mage\constants.h">
      <Filter>mage</Filter>
    </ClInclude>
    <ClInclude Include="src\mage\core.h">
      <Filter>mage</Filter>
    </ClInclude>
    <ClInclude Include="src\mage\graphics\sprite.h">
      <Filter>mage\graphics</Filter>
    </ClInclude>
    <ClInclude Include="src\mage\graphics\sprite_atlas.h">
      <Filter>mage\graphics</Filter>
    </ClInclude>
    <ClInclude Include="src\mage\graphics\sprite_atlas_bank.h">
      <Filter>mage\graphics</Filter>
    </ClInclude>
    <ClInclude Include="src\mage\graphics\sprite_atlas_coords.h">
      <Filter>mage\graphics</Filter>
    </ClInclude>
    <ClInclude Include="src\mage\graphics\sprite_bank.h">
      <Filter>mage\graphics</Filter>
    </ClInclude>
    <ClInclude Include="src\mage\graphics\wrap\buffer.h">
      <Filter>mage\graphics\wrap</Filter>
    </ClInclude>
    <ClInclude Include="src\mage\graphics\wrap\camera.h">
      <Filter>mage\graphics\wrap</Filter>
    </ClInclude>
    <ClInclude Include="src\mage\graphics\wrap\framebuffer.h">
      <Filter>mage\graphics\wrap</Filter>
    </ClInclude>
    <ClInclude Include="src\mage\graphics\wrap\shader_program.h">
      <Filter>mage\graphics\wrap</Filter>
    </ClInclude>
    <ClInclude Include="src\mage\graphics\wrap\texture.h">
      <Filter>mage\graphics\wrap</Filter>
    </ClInclude>
    <ClInclude Include="src\mage\graphics\wrap\vertex_array.h">
      <Filter>mage\graphics\wrap</Filter>
    </ClInclude>
    <ClInclude Include="src\mage\world\chunk.h">
      <Filter>mage\world</Filter>
    </ClInclude>
    <ClInclude Include="src\mage\world\dynamic\dynamic.h">
      <Filter>mage\world\dynamic</Filter>
    </ClInclude>
    <ClInclude Include="src\mage\world\dynamic\dynamic_batch.h">
      <Filter>mage\world\dynamic</Filter>
    </ClInclude>
    <ClInclude Include="src\mage\world\dynamic\dynamic_batch_list.h">
      <Filter>mage\world\dynamic</Filter>
    </ClInclude>
    <ClInclude Include="src\mage\world\dynamic\dynamic_list.h">
      <Filter>mage\world\dynamic</Filter>
    </ClInclude>
    <ClInclude Include="src\mage\world\sprite_batch.h">
      <Filter>mage\world</Filter>
    </ClInclude>
    <ClInclude Include="src\mage\world\tile.h">
      <Filter>mage\world</Filter>
    </ClInclude>
    <ClInclude Include="src\pch.h" />
    <ClInclude Include="src\mage\script\wrap\vm.h" />
    <ClInclude Include="src\mage\script\wrap\script.h" />
    <ClInclude Include="src\mage\world\map.h" />
    <ClInclude Include="src\mage\world\sprite_batch_bank.h" />
  </ItemGroup>
  <ItemGroup>
    <ClCompile Include="src\mage\graphics\sprite.cpp">
      <Filter>mage\graphics</Filter>
    </ClCompile>
    <ClCompile Include="src\mage\graphics\sprite_atlas.cpp">
      <Filter>mage\graphics</Filter>
    </ClCompile>
    <ClCompile Include="src\mage\graphics\sprite_atlas_bank.cpp">
      <Filter>mage\graphics</Filter>
    </ClCompile>
    <ClCompile Include="src\mage\graphics\sprite_bank.cpp">
      <Filter>mage\graphics</Filter>
    </ClCompile>
    <ClCompile Include="src\mage\world\dynamic\dynamic.cpp">
      <Filter>mage\world\dynamic</Filter>
    </ClCompile>
    <ClCompile Include="src\mage\world\dynamic\dynamic_batch.cpp">
      <Filter>mage\world\dynamic</Filter>
    </ClCompile>
    <ClCompile Include="src\mage\world\dynamic\dynamic_batch_list.cpp">
      <Filter>mage\world\dynamic</Filter>
    </ClCompile>
    <ClCompile Include="src\mage\world\dynamic\dynamic_list.cpp">
      <Filter>mage\world\dynamic</Filter>
    </ClCompile>
    <ClCompile Include="src\pch.cpp" />
    <ClCompile Include="src\mage\world\sprite_batch_bank.cpp" />
  </ItemGroup>
</Project>