<?xml version="1.0" encoding="utf-8"?>
<Project ToolsVersion="4.0" xmlns="http://schemas.microsoft.com/developer/msbuild/2003">
  <ItemGroup>
    <Filter Include="mage">
      <UniqueIdentifier>{1F7F9A7C-0BB6-9B0D-B4A2-8110A0B8170F}</UniqueIdentifier>
    </Filter>
    <Filter Include="mage\event">
      <UniqueIdentifier>{D0AB93F3-BC63-D540-256B-AE9C11427031}</UniqueIdentifier>
    </Filter>
    <Filter Include="mage\layer">
      <UniqueIdentifier>{4B2707F4-37DF-4841-A0E6-219D8CBDE331}</UniqueIdentifier>
    </Filter>
    <Filter Include="mage\util">
      <UniqueIdentifier>{EC6DE6F7-58D8-9A6E-A116-4C140DC078C3}</UniqueIdentifier>
    </Filter>
    <Filter Include="platform">
      <UniqueIdentifier>{4A63C33C-3630-1E48-5F49-0CF04B7553D6}</UniqueIdentifier>
    </Filter>
    <Filter Include="platform\OpenGL">
      <UniqueIdentifier>{3E351A86-AAC0-874A-B3D1-0A3F1FDCE34A}</UniqueIdentifier>
    </Filter>
    <Filter Include="platform\windows">
      <UniqueIdentifier>{A44FC440-9048-E392-B97A-C817A5D2C29E}</UniqueIdentifier>
    </Filter>
  </ItemGroup>
  <ItemGroup>
    <ClInclude Include="src\mage.h" />
    <ClInclude Include="src\mage\application.h">
      <Filter>mage</Filter>
    </ClInclude>
    <ClInclude Include="src\mage\core.h">
      <Filter>mage</Filter>
    </ClInclude>
    <ClInclude Include="src\mage\entry_point.h">
      <Filter>mage</Filter>
    </ClInclude>
    <ClInclude Include="src\mage\event\app_event.h">
      <Filter>mage\event</Filter>
    </ClInclude>
    <ClInclude Include="src\mage\event\event.h">
      <Filter>mage\event</Filter>
    </ClInclude>
    <ClInclude Include="src\mage\event\event_handler.h">
      <Filter>mage\event</Filter>
    </ClInclude>
    <ClInclude Include="src\mage\event\event_propagator.h">
      <Filter>mage\event</Filter>
    </ClInclude>
    <ClInclude Include="src\mage\event\key_event.h">
      <Filter>mage\event</Filter>
    </ClInclude>
    <ClInclude Include="src\mage\event\mouse_event.h">
      <Filter>mage\event</Filter>
    </ClInclude>
    <ClInclude Include="src\mage\event\window_event.h">
      <Filter>mage\event</Filter>
    </ClInclude>
    <ClInclude Include="src\mage\layer\layer.h">
      <Filter>mage\layer</Filter>
    </ClInclude>
    <ClInclude Include="src\mage\layer\layer_stack.h">
      <Filter>mage\layer</Filter>
    </ClInclude>
    <ClInclude Include="src\mage\log.h">
      <Filter>mage</Filter>
    </ClInclude>
    <ClInclude Include="src\mage\util\color.h">
      <Filter>mage\util</Filter>
    </ClInclude>
    <ClInclude Include="src\mage\util\dimensional.h">
      <Filter>mage\util</Filter>
    </ClInclude>
    <ClInclude Include="src\mage\util\positional.h">
      <Filter>mage\util</Filter>
    </ClInclude>
    <ClInclude Include="src\mage\util\typed.h">
      <Filter>mage\util</Filter>
    </ClInclude>
    <ClInclude Include="src\mage\window.h">
      <Filter>mage</Filter>
    </ClInclude>
    <ClInclude Include="src\pch.h" />
    <ClInclude Include="src\platform\OpenGL\imgui_renderer.h">
      <Filter>platform\OpenGL</Filter>
    </ClInclude>
    <ClInclude Include="src\platform\windows\windows_window.h">
      <Filter>platform\windows</Filter>
    </ClInclude>
    <ClInclude Include="src\mage\layer\imgui_layer.h" />
    <ClInclude Include="src\mage\util\functions.h" />
    <ClInclude Include="src\mage\input.h" />
    <ClInclude Include="src\platform\windows\windows_input.h" />
  </ItemGroup>
  <ItemGroup>
    <ClCompile Include="src\mage\layer\layer_stack.cpp">
      <Filter>mage\layer</Filter>
    </ClCompile>
    <ClCompile Include="src\mage\log.cpp">
      <Filter>mage</Filter>
    </ClCompile>
    <ClCompile Include="src\pch.cpp" />
    <ClCompile Include="src\platform\OpenGL\imgui_renderer.cpp">
      <Filter>platform\OpenGL</Filter>
    </ClCompile>
    <ClCompile Include="src\platform\windows\windows_window.cpp">
      <Filter>platform\windows</Filter>
    </ClCompile>
    <ClCompile Include="src\mage\layer\imgui_layer.cpp" />
    <ClCompile Include="src\mage\application.cpp" />
    <ClCompile Include="src\platform\windows\windows_input.cpp" />
  </ItemGroup>
</Project>