<?xml version="1.0" encoding="utf-8"?>
<Project ToolsVersion="4.0" xmlns="http://schemas.microsoft.com/developer/msbuild/2003">
  <ItemGroup>
    <Filter Include="n">
      <UniqueIdentifier>{13B60200-7F74-5900-C879-590034775900}</UniqueIdentifier>
    </Filter>
    <Filter Include="n\graphics">
      <UniqueIdentifier>{D39F6695-BF57-A8E2-285F-813E143643D3}</UniqueIdentifier>
    </Filter>
  </ItemGroup>
  <ItemGroup>
    <ClInclude Include="src\n.h" />
    <ClInclude Include="src\n\core.h">
      <Filter>n</Filter>
    </ClInclude>
    <ClInclude Include="src\n\graphics\wrap\camera.h">
      <Filter>n\graphics</Filter>
    </ClInclude>
    <ClInclude Include="src\n\graphics\wrap\shader_program.h">
      <Filter>n\graphics</Filter>
    </ClInclude>
    <ClInclude Include="src\pch.h" />
    <ClInclude Include="src\n\graphics\wrap\vertex_array.h" />
    <ClInclude Include="src\n\graphics\wrap\buffer.h" />
    <ClInclude Include="src\n\graphics\wrap\framebuffer.h" />
    <ClInclude Include="src\n\graphics\wrap\texture.h" />
    <ClInclude Include="src\n\graphics\sprite.h" />
    <ClInclude Include="src\n\time.h" />
    <ClInclude Include="src\n\graphics\sprite_atlas.h" />
    <ClInclude Include="src\n\constants.h" />
    <ClInclude Include="src\n\graphics\sprite_atlas_bank.h" />
    <ClInclude Include="src\n\graphics\sprite_atlas_coords.h" />
    <ClInclude Include="src\n\graphics\sprite_bank.h" />
  </ItemGroup>
  <ItemGroup>
    <ClCompile Include="src\pch.cpp" />
    <ClCompile Include="src\n\graphics\sprite.cpp" />
    <ClCompile Include="src\n\graphics\sprite_atlas.cpp" />
  </ItemGroup>
</Project>